
Microsoft Visual Studio Solution File, Format Version 12.00
# Visual Studio 15
VisualStudioVersion = 15.0.28307.572
MinimumVisualStudioVersion = 10.0.40219.1
Project("{FAE04EC0-301F-11D3-BF4B-00C04F79EFBC}") = "ShopParser", "ShopParser\ShopParser.csproj", "{146C0129-6B9E-45ED-B09D-D75BAB1E6592}"
EndProject
Project("{FAE04EC0-301F-11D3-BF4B-00C04F79EFBC}") = "ShopParser.Tests", "ShopParser.Tests\ShopParser.Tests.csproj", "{707FD4EE-9E0A-43D1-9433-90A183774E65}"
EndProject
Global
	GlobalSection(SolutionConfigurationPlatforms) = preSolution
		Debug|Any CPU = Debug|Any CPU
		Release|Any CPU = Release|Any CPU
	EndGlobalSection
	GlobalSection(ProjectConfigurationPlatforms) = postSolution
		{146C0129-6B9E-45ED-B09D-D75BAB1E6592}.Debug|Any CPU.ActiveCfg = Debug|Any CPU
		{146C0129-6B9E-45ED-B09D-D75BAB1E6592}.Debug|Any CPU.Build.0 = Debug|Any CPU
		{146C0129-6B9E-45ED-B09D-D75BAB1E6592}.Release|Any CPU.ActiveCfg = Release|Any CPU
		{146C0129-6B9E-45ED-B09D-D75BAB1E6592}.Release|Any CPU.Build.0 = Release|Any CPU
		{707FD4EE-9E0A-43D1-9433-90A183774E65}.Debug|Any CPU.ActiveCfg = Debug|Any CPU
		{707FD4EE-9E0A-43D1-9433-90A183774E65}.Debug|Any CPU.Build.0 = Debug|Any CPU
		{707FD4EE-9E0A-43D1-9433-90A183774E65}.Release|Any CPU.ActiveCfg = Release|Any CPU
		{707FD4EE-9E0A-43D1-9433-90A183774E65}.Release|Any CPU.Build.0 = Release|Any CPU
	EndGlobalSection
	GlobalSection(SolutionProperties) = preSolution
		HideSolutionNode = FALSE
	EndGlobalSection
	GlobalSection(ExtensibilityGlobals) = postSolution
		SolutionGuid = {F319A81E-B0FF-4414-887C-DABBE591D5A7}
	EndGlobalSection
EndGlobal
